
Microsoft Visual Studio Solution File, Format Version 12.00
# Visual Studio Version 17
VisualStudioVersion = 17.6.33829.357
MinimumVisualStudioVersion = 10.0.40219.1
Project("{9A19103F-16F7-4668-BE54-9A1E7A4F7556}") = "Atlas.Core", "Libraries\Atlas.Core\Atlas.Core.csproj", "{9BFC7193-DF0F-4D3F-8847-3043B2484E8E}"
EndProject
Project("{9A19103F-16F7-4668-BE54-9A1E7A4F7556}") = "Atlas.Network", "Libraries\Atlas.Network\Atlas.Network.csproj", "{40EB70B2-F23A-4F9F-83F0-DD6C833713D5}"
EndProject
Project("{9A19103F-16F7-4668-BE54-9A1E7A4F7556}") = "Atlas.Serialize", "Libraries\Atlas.Serialize\Atlas.Serialize.csproj", "{0BBD1C4C-E414-457B-9121-1F2280E8FFAF}"
EndProject
Project("{2150E333-8FDC-42A3-9474-1A3956D46DE8}") = "Tabs", "Tabs", "{BE789B8C-A89C-4CFD-870F-6BD9E05311D6}"
EndProject
Project("{9A19103F-16F7-4668-BE54-9A1E7A4F7556}") = "Atlas.Tabs", "Libraries\Atlas.Tabs\Atlas.Tabs.csproj", "{043632CA-DCEC-423C-854F-5448749BB402}"
EndProject
Project("{9A19103F-16F7-4668-BE54-9A1E7A4F7556}") = "Atlas.Tabs.Samples", "Libraries\Atlas.Tabs.Samples\Atlas.Tabs.Samples.csproj", "{1347EFE2-C9E3-4A6D-918B-C8B15D301E7E}"
EndProject
Project("{9A19103F-16F7-4668-BE54-9A1E7A4F7556}") = "Atlas.Tabs.Tools", "Libraries\Atlas.Tabs.Tools\Atlas.Tabs.Tools.csproj", "{98030CF3-FD36-4632-A93A-0095321275CA}"
EndProject
Project("{2150E333-8FDC-42A3-9474-1A3956D46DE8}") = "Libraries", "Libraries", "{05F04605-3FC3-4A78-8C52-CFAF0AE94A5F}"
EndProject
Project("{2150E333-8FDC-42A3-9474-1A3956D46DE8}") = "UI", "UI", "{E7D9713F-A249-443C-B300-52A335BD8891}"
EndProject
Project("{9A19103F-16F7-4668-BE54-9A1E7A4F7556}") = "Atlas.UI.Avalonia", "Libraries\Atlas.UI.Avalonia\Atlas.UI.Avalonia.csproj", "{8FE32C9A-1196-4BE0-B66B-C8ADAD9C621D}"
EndProject
Project("{2150E333-8FDC-42A3-9474-1A3956D46DE8}") = "Programs", "Programs", "{E4AFA68B-CE75-4BFE-9329-85FECDB49D3D}"
EndProject
Project("{9A19103F-16F7-4668-BE54-9A1E7A4F7556}") = "Atlas.Start.Avalonia", "Programs\Atlas.Start.Avalonia\Atlas.Start.Avalonia.csproj", "{377A0FF6-2ED8-43C4-8DAB-46D994857A13}"
EndProject
Project("{9A19103F-16F7-4668-BE54-9A1E7A4F7556}") = "Atlas.Console", "Programs\Atlas.Console\Atlas.Console.csproj", "{A36CA3F6-3029-44AA-99D9-CC68722CFB27}"
EndProject
Project("{2150E333-8FDC-42A3-9474-1A3956D46DE8}") = "Test", "Test", "{B14E9554-8531-4CE0-80BB-FD4C4A87F488}"
EndProject
Project("{9A19103F-16F7-4668-BE54-9A1E7A4F7556}") = "Atlas.Serialize.Test", "Test\Atlas.Serialize.Test\Atlas.Serialize.Test.csproj", "{531C1233-3073-43CD-8239-05ACA0E2D067}"
EndProject
Project("{9A19103F-16F7-4668-BE54-9A1E7A4F7556}") = "Atlas.Network.Test", "Test\Atlas.Network.Test\Atlas.Network.Test.csproj", "{223B95ED-76CE-4B23-842B-EBC1A13C582D}"
EndProject
Project("{9A19103F-16F7-4668-BE54-9A1E7A4F7556}") = "Atlas.Resources", "Libraries\Atlas.Resources\Atlas.Resources.csproj", "{77D36F2E-2D9A-4FF3-B92D-2BEFFF03CC8C}"
EndProject
Project("{9A19103F-16F7-4668-BE54-9A1E7A4F7556}") = "Atlas.UI.Avalonia.Test", "Test\Atlas.UI.Avalonia.Test\Atlas.UI.Avalonia.Test.csproj", "{6DDD8F96-72EC-49EB-B745-0393EF9B20A9}"
EndProject
Project("{9A19103F-16F7-4668-BE54-9A1E7A4F7556}") = "Atlas.Core.Test", "Test\Atlas.Core.Test\Atlas.Core.Test.csproj", "{A9E489EB-93E9-44C1-A2CA-5EABC7C1DD91}"
EndProject
Project("{2150E333-8FDC-42A3-9474-1A3956D46DE8}") = "Build", "Build", "{332EF461-464E-4A75-A15D-647E3FED6C18}"
	ProjectSection(SolutionItems) = preProject
		Directory.Build.props = Directory.Build.props
	EndProjectSection
EndProject
Project("{9A19103F-16F7-4668-BE54-9A1E7A4F7556}") = "Atlas.UI.Avalonia.ScreenCapture", "Libraries\Atlas.UI.Avalonia.ScreenCapture\Atlas.UI.Avalonia.ScreenCapture.csproj", "{258F0A19-91AE-4020-9F1D-1C611CC3861A}"
EndProject
Project("{9A19103F-16F7-4668-BE54-9A1E7A4F7556}") = "Atlas.UI.Avalonia.Charts", "Libraries\Atlas.UI.Avalonia.Charts\Atlas.UI.Avalonia.Charts.csproj", "{A5F9B6E9-EA6A-4757-A66A-776DA30EC70F}"
EndProject
Project("{9A19103F-16F7-4668-BE54-9A1E7A4F7556}") = "Atlas.UI.Avalonia.Charts.LiveCharts", "Libraries\Atlas.UI.Avalonia.Charts.LiveCharts\Atlas.UI.Avalonia.Charts.LiveCharts.csproj", "{EEB5042F-0D91-41C0-B52D-E2674CA01709}"
EndProject
Global
	GlobalSection(SolutionConfigurationPlatforms) = preSolution
		Debug|Any CPU = Debug|Any CPU
		DebugX86|Any CPU = DebugX86|Any CPU
		Release|Any CPU = Release|Any CPU
	EndGlobalSection
	GlobalSection(ProjectConfigurationPlatforms) = postSolution
		{9BFC7193-DF0F-4D3F-8847-3043B2484E8E}.Debug|Any CPU.ActiveCfg = Debug|Any CPU
		{9BFC7193-DF0F-4D3F-8847-3043B2484E8E}.Debug|Any CPU.Build.0 = Debug|Any CPU
		{9BFC7193-DF0F-4D3F-8847-3043B2484E8E}.DebugX86|Any CPU.ActiveCfg = DebugX86|Any CPU
		{9BFC7193-DF0F-4D3F-8847-3043B2484E8E}.DebugX86|Any CPU.Build.0 = DebugX86|Any CPU
		{9BFC7193-DF0F-4D3F-8847-3043B2484E8E}.Release|Any CPU.ActiveCfg = Release|Any CPU
		{9BFC7193-DF0F-4D3F-8847-3043B2484E8E}.Release|Any CPU.Build.0 = Release|Any CPU
		{40EB70B2-F23A-4F9F-83F0-DD6C833713D5}.Debug|Any CPU.ActiveCfg = Debug|Any CPU
		{40EB70B2-F23A-4F9F-83F0-DD6C833713D5}.Debug|Any CPU.Build.0 = Debug|Any CPU
		{40EB70B2-F23A-4F9F-83F0-DD6C833713D5}.DebugX86|Any CPU.ActiveCfg = DebugX86|Any CPU
		{40EB70B2-F23A-4F9F-83F0-DD6C833713D5}.DebugX86|Any CPU.Build.0 = DebugX86|Any CPU
		{40EB70B2-F23A-4F9F-83F0-DD6C833713D5}.Release|Any CPU.ActiveCfg = Release|Any CPU
		{40EB70B2-F23A-4F9F-83F0-DD6C833713D5}.Release|Any CPU.Build.0 = Release|Any CPU
		{0BBD1C4C-E414-457B-9121-1F2280E8FFAF}.Debug|Any CPU.ActiveCfg = Debug|Any CPU
		{0BBD1C4C-E414-457B-9121-1F2280E8FFAF}.Debug|Any CPU.Build.0 = Debug|Any CPU
		{0BBD1C4C-E414-457B-9121-1F2280E8FFAF}.DebugX86|Any CPU.ActiveCfg = DebugX86|Any CPU
		{0BBD1C4C-E414-457B-9121-1F2280E8FFAF}.DebugX86|Any CPU.Build.0 = DebugX86|Any CPU
		{0BBD1C4C-E414-457B-9121-1F2280E8FFAF}.Release|Any CPU.ActiveCfg = Release|Any CPU
		{0BBD1C4C-E414-457B-9121-1F2280E8FFAF}.Release|Any CPU.Build.0 = Release|Any CPU
		{043632CA-DCEC-423C-854F-5448749BB402}.Debug|Any CPU.ActiveCfg = Debug|Any CPU
		{043632CA-DCEC-423C-854F-5448749BB402}.Debug|Any CPU.Build.0 = Debug|Any CPU
		{043632CA-DCEC-423C-854F-5448749BB402}.DebugX86|Any CPU.ActiveCfg = DebugX86|Any CPU
		{043632CA-DCEC-423C-854F-5448749BB402}.DebugX86|Any CPU.Build.0 = DebugX86|Any CPU
		{043632CA-DCEC-423C-854F-5448749BB402}.Release|Any CPU.ActiveCfg = Release|Any CPU
		{043632CA-DCEC-423C-854F-5448749BB402}.Release|Any CPU.Build.0 = Release|Any CPU
		{1347EFE2-C9E3-4A6D-918B-C8B15D301E7E}.Debug|Any CPU.ActiveCfg = Debug|Any CPU
		{1347EFE2-C9E3-4A6D-918B-C8B15D301E7E}.Debug|Any CPU.Build.0 = Debug|Any CPU
		{1347EFE2-C9E3-4A6D-918B-C8B15D301E7E}.DebugX86|Any CPU.ActiveCfg = DebugX86|Any CPU
		{1347EFE2-C9E3-4A6D-918B-C8B15D301E7E}.DebugX86|Any CPU.Build.0 = DebugX86|Any CPU
		{1347EFE2-C9E3-4A6D-918B-C8B15D301E7E}.Release|Any CPU.ActiveCfg = Release|Any CPU
		{1347EFE2-C9E3-4A6D-918B-C8B15D301E7E}.Release|Any CPU.Build.0 = Release|Any CPU
		{98030CF3-FD36-4632-A93A-0095321275CA}.Debug|Any CPU.ActiveCfg = Debug|Any CPU
		{98030CF3-FD36-4632-A93A-0095321275CA}.Debug|Any CPU.Build.0 = Debug|Any CPU
		{98030CF3-FD36-4632-A93A-0095321275CA}.DebugX86|Any CPU.ActiveCfg = DebugX86|Any CPU
		{98030CF3-FD36-4632-A93A-0095321275CA}.DebugX86|Any CPU.Build.0 = DebugX86|Any CPU
		{98030CF3-FD36-4632-A93A-0095321275CA}.Release|Any CPU.ActiveCfg = Release|Any CPU
		{98030CF3-FD36-4632-A93A-0095321275CA}.Release|Any CPU.Build.0 = Release|Any CPU
		{8FE32C9A-1196-4BE0-B66B-C8ADAD9C621D}.Debug|Any CPU.ActiveCfg = Debug|Any CPU
		{8FE32C9A-1196-4BE0-B66B-C8ADAD9C621D}.Debug|Any CPU.Build.0 = Debug|Any CPU
		{8FE32C9A-1196-4BE0-B66B-C8ADAD9C621D}.DebugX86|Any CPU.ActiveCfg = DebugX86|Any CPU
		{8FE32C9A-1196-4BE0-B66B-C8ADAD9C621D}.DebugX86|Any CPU.Build.0 = DebugX86|Any CPU
		{8FE32C9A-1196-4BE0-B66B-C8ADAD9C621D}.Release|Any CPU.ActiveCfg = Release|Any CPU
		{8FE32C9A-1196-4BE0-B66B-C8ADAD9C621D}.Release|Any CPU.Build.0 = Release|Any CPU
		{377A0FF6-2ED8-43C4-8DAB-46D994857A13}.Debug|Any CPU.ActiveCfg = Debug|Any CPU
		{377A0FF6-2ED8-43C4-8DAB-46D994857A13}.Debug|Any CPU.Build.0 = Debug|Any CPU
		{377A0FF6-2ED8-43C4-8DAB-46D994857A13}.DebugX86|Any CPU.ActiveCfg = DebugX86|Any CPU
		{377A0FF6-2ED8-43C4-8DAB-46D994857A13}.DebugX86|Any CPU.Build.0 = DebugX86|Any CPU
		{377A0FF6-2ED8-43C4-8DAB-46D994857A13}.Release|Any CPU.ActiveCfg = Release|Any CPU
		{377A0FF6-2ED8-43C4-8DAB-46D994857A13}.Release|Any CPU.Build.0 = Release|Any CPU
		{A36CA3F6-3029-44AA-99D9-CC68722CFB27}.Debug|Any CPU.ActiveCfg = Debug|Any CPU
		{A36CA3F6-3029-44AA-99D9-CC68722CFB27}.Debug|Any CPU.Build.0 = Debug|Any CPU
		{A36CA3F6-3029-44AA-99D9-CC68722CFB27}.DebugX86|Any CPU.ActiveCfg = DebugX86|Any CPU
		{A36CA3F6-3029-44AA-99D9-CC68722CFB27}.DebugX86|Any CPU.Build.0 = DebugX86|Any CPU
		{A36CA3F6-3029-44AA-99D9-CC68722CFB27}.Release|Any CPU.ActiveCfg = Release|Any CPU
		{A36CA3F6-3029-44AA-99D9-CC68722CFB27}.Release|Any CPU.Build.0 = Release|Any CPU
		{531C1233-3073-43CD-8239-05ACA0E2D067}.Debug|Any CPU.ActiveCfg = Debug|Any CPU
		{531C1233-3073-43CD-8239-05ACA0E2D067}.Debug|Any CPU.Build.0 = Debug|Any CPU
		{531C1233-3073-43CD-8239-05ACA0E2D067}.DebugX86|Any CPU.ActiveCfg = DebugX86|Any CPU
		{531C1233-3073-43CD-8239-05ACA0E2D067}.DebugX86|Any CPU.Build.0 = DebugX86|Any CPU
		{531C1233-3073-43CD-8239-05ACA0E2D067}.Release|Any CPU.ActiveCfg = Release|Any CPU
		{531C1233-3073-43CD-8239-05ACA0E2D067}.Release|Any CPU.Build.0 = Release|Any CPU
		{223B95ED-76CE-4B23-842B-EBC1A13C582D}.Debug|Any CPU.ActiveCfg = Debug|Any CPU
		{223B95ED-76CE-4B23-842B-EBC1A13C582D}.Debug|Any CPU.Build.0 = Debug|Any CPU
		{223B95ED-76CE-4B23-842B-EBC1A13C582D}.DebugX86|Any CPU.ActiveCfg = DebugX86|Any CPU
		{223B95ED-76CE-4B23-842B-EBC1A13C582D}.DebugX86|Any CPU.Build.0 = DebugX86|Any CPU
		{223B95ED-76CE-4B23-842B-EBC1A13C582D}.Release|Any CPU.ActiveCfg = Release|Any CPU
		{223B95ED-76CE-4B23-842B-EBC1A13C582D}.Release|Any CPU.Build.0 = Release|Any CPU
		{77D36F2E-2D9A-4FF3-B92D-2BEFFF03CC8C}.Debug|Any CPU.ActiveCfg = Debug|Any CPU
		{77D36F2E-2D9A-4FF3-B92D-2BEFFF03CC8C}.Debug|Any CPU.Build.0 = Debug|Any CPU
		{77D36F2E-2D9A-4FF3-B92D-2BEFFF03CC8C}.DebugX86|Any CPU.ActiveCfg = Debug|Any CPU
		{77D36F2E-2D9A-4FF3-B92D-2BEFFF03CC8C}.DebugX86|Any CPU.Build.0 = Debug|Any CPU
		{77D36F2E-2D9A-4FF3-B92D-2BEFFF03CC8C}.Release|Any CPU.ActiveCfg = Release|Any CPU
		{77D36F2E-2D9A-4FF3-B92D-2BEFFF03CC8C}.Release|Any CPU.Build.0 = Release|Any CPU
		{6DDD8F96-72EC-49EB-B745-0393EF9B20A9}.Debug|Any CPU.ActiveCfg = Debug|Any CPU
		{6DDD8F96-72EC-49EB-B745-0393EF9B20A9}.Debug|Any CPU.Build.0 = Debug|Any CPU
		{6DDD8F96-72EC-49EB-B745-0393EF9B20A9}.DebugX86|Any CPU.ActiveCfg = Debug|Any CPU
		{6DDD8F96-72EC-49EB-B745-0393EF9B20A9}.DebugX86|Any CPU.Build.0 = Debug|Any CPU
		{6DDD8F96-72EC-49EB-B745-0393EF9B20A9}.Release|Any CPU.ActiveCfg = Release|Any CPU
		{6DDD8F96-72EC-49EB-B745-0393EF9B20A9}.Release|Any CPU.Build.0 = Release|Any CPU
		{A9E489EB-93E9-44C1-A2CA-5EABC7C1DD91}.Debug|Any CPU.ActiveCfg = Debug|Any CPU
		{A9E489EB-93E9-44C1-A2CA-5EABC7C1DD91}.Debug|Any CPU.Build.0 = Debug|Any CPU
		{A9E489EB-93E9-44C1-A2CA-5EABC7C1DD91}.DebugX86|Any CPU.ActiveCfg = Debug|Any CPU
		{A9E489EB-93E9-44C1-A2CA-5EABC7C1DD91}.DebugX86|Any CPU.Build.0 = Debug|Any CPU
		{A9E489EB-93E9-44C1-A2CA-5EABC7C1DD91}.Release|Any CPU.ActiveCfg = Release|Any CPU
		{A9E489EB-93E9-44C1-A2CA-5EABC7C1DD91}.Release|Any CPU.Build.0 = Release|Any CPU
		{258F0A19-91AE-4020-9F1D-1C611CC3861A}.Debug|Any CPU.ActiveCfg = Debug|Any CPU
		{258F0A19-91AE-4020-9F1D-1C611CC3861A}.Debug|Any CPU.Build.0 = Debug|Any CPU
		{258F0A19-91AE-4020-9F1D-1C611CC3861A}.DebugX86|Any CPU.ActiveCfg = Debug|Any CPU
		{258F0A19-91AE-4020-9F1D-1C611CC3861A}.DebugX86|Any CPU.Build.0 = Debug|Any CPU
		{258F0A19-91AE-4020-9F1D-1C611CC3861A}.Release|Any CPU.ActiveCfg = Release|Any CPU
		{258F0A19-91AE-4020-9F1D-1C611CC3861A}.Release|Any CPU.Build.0 = Release|Any CPU
		{A5F9B6E9-EA6A-4757-A66A-776DA30EC70F}.Debug|Any CPU.ActiveCfg = Debug|Any CPU
		{A5F9B6E9-EA6A-4757-A66A-776DA30EC70F}.Debug|Any CPU.Build.0 = Debug|Any CPU
		{A5F9B6E9-EA6A-4757-A66A-776DA30EC70F}.DebugX86|Any CPU.ActiveCfg = Debug|Any CPU
		{A5F9B6E9-EA6A-4757-A66A-776DA30EC70F}.DebugX86|Any CPU.Build.0 = Debug|Any CPU
		{A5F9B6E9-EA6A-4757-A66A-776DA30EC70F}.Release|Any CPU.ActiveCfg = Release|Any CPU
		{A5F9B6E9-EA6A-4757-A66A-776DA30EC70F}.Release|Any CPU.Build.0 = Release|Any CPU
		{EEB5042F-0D91-41C0-B52D-E2674CA01709}.Debug|Any CPU.ActiveCfg = Debug|Any CPU
		{EEB5042F-0D91-41C0-B52D-E2674CA01709}.Debug|Any CPU.Build.0 = Debug|Any CPU
		{EEB5042F-0D91-41C0-B52D-E2674CA01709}.DebugX86|Any CPU.ActiveCfg = Debug|Any CPU
		{EEB5042F-0D91-41C0-B52D-E2674CA01709}.DebugX86|Any CPU.Build.0 = Debug|Any CPU
		{EEB5042F-0D91-41C0-B52D-E2674CA01709}.Release|Any CPU.ActiveCfg = Release|Any CPU
		{EEB5042F-0D91-41C0-B52D-E2674CA01709}.Release|Any CPU.Build.0 = Release|Any CPU
	EndGlobalSection
	GlobalSection(SolutionProperties) = preSolution
		HideSolutionNode = FALSE
	EndGlobalSection
	GlobalSection(NestedProjects) = preSolution
		{9BFC7193-DF0F-4D3F-8847-3043B2484E8E} = {05F04605-3FC3-4A78-8C52-CFAF0AE94A5F}
		{40EB70B2-F23A-4F9F-83F0-DD6C833713D5} = {05F04605-3FC3-4A78-8C52-CFAF0AE94A5F}
		{0BBD1C4C-E414-457B-9121-1F2280E8FFAF} = {05F04605-3FC3-4A78-8C52-CFAF0AE94A5F}
		{BE789B8C-A89C-4CFD-870F-6BD9E05311D6} = {05F04605-3FC3-4A78-8C52-CFAF0AE94A5F}
		{043632CA-DCEC-423C-854F-5448749BB402} = {BE789B8C-A89C-4CFD-870F-6BD9E05311D6}
		{1347EFE2-C9E3-4A6D-918B-C8B15D301E7E} = {BE789B8C-A89C-4CFD-870F-6BD9E05311D6}
		{98030CF3-FD36-4632-A93A-0095321275CA} = {BE789B8C-A89C-4CFD-870F-6BD9E05311D6}
		{E7D9713F-A249-443C-B300-52A335BD8891} = {05F04605-3FC3-4A78-8C52-CFAF0AE94A5F}
		{8FE32C9A-1196-4BE0-B66B-C8ADAD9C621D} = {E7D9713F-A249-443C-B300-52A335BD8891}
		{377A0FF6-2ED8-43C4-8DAB-46D994857A13} = {E4AFA68B-CE75-4BFE-9329-85FECDB49D3D}
		{A36CA3F6-3029-44AA-99D9-CC68722CFB27} = {E4AFA68B-CE75-4BFE-9329-85FECDB49D3D}
		{531C1233-3073-43CD-8239-05ACA0E2D067} = {B14E9554-8531-4CE0-80BB-FD4C4A87F488}
		{223B95ED-76CE-4B23-842B-EBC1A13C582D} = {B14E9554-8531-4CE0-80BB-FD4C4A87F488}
		{77D36F2E-2D9A-4FF3-B92D-2BEFFF03CC8C} = {05F04605-3FC3-4A78-8C52-CFAF0AE94A5F}
		{6DDD8F96-72EC-49EB-B745-0393EF9B20A9} = {B14E9554-8531-4CE0-80BB-FD4C4A87F488}
		{A9E489EB-93E9-44C1-A2CA-5EABC7C1DD91} = {B14E9554-8531-4CE0-80BB-FD4C4A87F488}
		{258F0A19-91AE-4020-9F1D-1C611CC3861A} = {E7D9713F-A249-443C-B300-52A335BD8891}
		{A5F9B6E9-EA6A-4757-A66A-776DA30EC70F} = {E7D9713F-A249-443C-B300-52A335BD8891}
		{EEB5042F-0D91-41C0-B52D-E2674CA01709} = {E7D9713F-A249-443C-B300-52A335BD8891}
	EndGlobalSection
	GlobalSection(ExtensibilityGlobals) = postSolution
		SolutionGuid = {5B8EE36E-D3EA-401F-A48B-6B0D45E04DCC}
	EndGlobalSection
	GlobalSection(Performance) = preSolution
		HasPerformanceSessions = true
	EndGlobalSection
EndGlobal
